
Microsoft Visual Studio Solution File, Format Version 12.00
# Visual Studio Version 17
VisualStudioVersion = 17.14.37516.0 d17.14
MinimumVisualStudioVersion = 10.0.40219.1
Project("{FAE04EC0-301F-11D3-BF4B-00C04F79EFBC}") = "CutContentRestorer_BW", "CutContentRestorer_BW\CutContentRestorer_BW.csproj", "{D6755851-FF4A-45EB-B03F-3708F6381AFE}"
EndProject
Global
	GlobalSection(SolutionConfigurationPlatforms) = preSolution
		Debug|Any CPU = Debug|Any CPU
		Release|Any CPU = Release|Any CPU
	EndGlobalSection
	GlobalSection(ProjectConfigurationPlatforms) = postSolution
		{D6755851-FF4A-45EB-B03F-3708F6381AFE}.Debug|Any CPU.ActiveCfg = Debug|Any CPU
		{D6755851-FF4A-45EB-B03F-3708F6381AFE}.Debug|Any CPU.Build.0 = Debug|Any CPU
		{D6755851-FF4A-45EB-B03F-3708F6381AFE}.Release|Any CPU.ActiveCfg = Release|Any CPU
		{D6755851-FF4A-45EB-B03F-3708F6381AFE}.Release|Any CPU.Build.0 = Release|Any CPU
	EndGlobalSection
	GlobalSection(SolutionProperties) = preSolution
		HideSolutionNode = FALSE
	EndGlobalSection
	GlobalSection(ExtensibilityGlobals) = postSolution
		SolutionGuid = {3EBEE1CF-C4AE-4DC5-AF6C-5FDD865BF0F3}
	EndGlobalSection
EndGlobal
